
Microsoft Visual Studio Solution File, Format Version 12.00
# Visual Studio Version 17
VisualStudioVersion = 17.2.32630.192
MinimumVisualStudioVersion = 10.0.40219.1
Project("{FAE04EC0-301F-11D3-BF4B-00C04F79EFBC}") = "MoneyBalance", "MoneyBalance\MoneyBalance.csproj", "{71034F47-76E0-4209-9255-31B7E8E0AC93}"
EndProject
Global
	GlobalSection(SolutionConfigurationPlatforms) = preSolution
		Debug|Any CPU = Debug|Any CPU
		Release|Any CPU = Release|Any CPU
	EndGlobalSection
	GlobalSection(ProjectConfigurationPlatforms) = postSolution
		{71034F47-76E0-4209-9255-31B7E8E0AC93}.Debug|Any CPU.ActiveCfg = Debug|Any CPU
		{71034F47-76E0-4209-9255-31B7E8E0AC93}.Debug|Any CPU.Build.0 = Debug|Any CPU
		{71034F47-76E0-4209-9255-31B7E8E0AC93}.Release|Any CPU.ActiveCfg = Release|Any CPU
		{71034F47-76E0-4209-9255-31B7E8E0AC93}.Release|Any CPU.Build.0 = Release|Any CPU
	EndGlobalSection
	GlobalSection(SolutionProperties) = preSolution
		HideSolutionNode = FALSE
	EndGlobalSection
	GlobalSection(ExtensibilityGlobals) = postSolution
		SolutionGuid = {C4B6CFDF-C9AD-418E-A8A9-2CFCC19751F3}
	EndGlobalSection
EndGlobal
